
Microsoft Visual Studio Solution File, Format Version 12.00
# Visual Studio 15
VisualStudioVersion = 15.0.28010.2036
MinimumVisualStudioVersion = 10.0.40219.1
Project("{FAE04EC0-301F-11D3-BF4B-00C04F79EFBC}") = "XfCameraDemo.Android", "XfCameraDemo\XfCameraDemo.Android\XfCameraDemo.Android.csproj", "{C572523A-5451-4F02-A9D0-DD1BA0743909}"
EndProject
Project("{FAE04EC0-301F-11D3-BF4B-00C04F79EFBC}") = "XfCameraDemo.iOS", "XfCameraDemo\XfCameraDemo.iOS\XfCameraDemo.iOS.csproj", "{DD0A85AD-3BB6-4C40-95DB-97D32FED0676}"
EndProject
Project("{FAE04EC0-301F-11D3-BF4B-00C04F79EFBC}") = "XfCameraDemo.UWP", "XfCameraDemo\XfCameraDemo.UWP\XfCameraDemo.UWP.csproj", "{79D2C8CB-4452-4A2A-8552-D4CA9316D28E}"
EndProject
Project("{FAE04EC0-301F-11D3-BF4B-00C04F79EFBC}") = "XfCameraDemo", "XfCameraDemo\XfCameraDemo\XfCameraDemo.csproj", "{DB9BF4D8-2D02-4A3D-8C73-7636D64FD3B9}"
EndProject
Global
	GlobalSection(SolutionConfigurationPlatforms) = preSolution
		Ad-Hoc|Any CPU = Ad-Hoc|Any CPU
		Ad-Hoc|ARM = Ad-Hoc|ARM
		Ad-Hoc|iPhone = Ad-Hoc|iPhone
		Ad-Hoc|iPhoneSimulator = Ad-Hoc|iPhoneSimulator
		Ad-Hoc|x64 = Ad-Hoc|x64
		Ad-Hoc|x86 = Ad-Hoc|x86
		AppStore|Any CPU = AppStore|Any CPU
		AppStore|ARM = AppStore|ARM
		AppStore|iPhone = AppStore|iPhone
		AppStore|iPhoneSimulator = AppStore|iPhoneSimulator
		AppStore|x64 = AppStore|x64
		AppStore|x86 = AppStore|x86
		Debug|Any CPU = Debug|Any CPU
		Debug|ARM = Debug|ARM
		Debug|iPhone = Debug|iPhone
		Debug|iPhoneSimulator = Debug|iPhoneSimulator
		Debug|x64 = Debug|x64
		Debug|x86 = Debug|x86
		Release|Any CPU = Release|Any CPU
		Release|ARM = Release|ARM
		Release|iPhone = Release|iPhone
		Release|iPhoneSimulator = Release|iPhoneSimulator
		Release|x64 = Release|x64
		Release|x86 = Release|x86
	EndGlobalSection
	GlobalSection(ProjectConfigurationPlatforms) = postSolution
		{C572523A-5451-4F02-A9D0-DD1BA0743909}.Ad-Hoc|Any CPU.ActiveCfg = Release|Any CPU
		{C572523A-5451-4F02-A9D0-DD1BA0743909}.Ad-Hoc|Any CPU.Build.0 = Release|Any CPU
		{C572523A-5451-4F02-A9D0-DD1BA0743909}.Ad-Hoc|Any CPU.Deploy.0 = Release|Any CPU
		{C572523A-5451-4F02-A9D0-DD1BA0743909}.Ad-Hoc|ARM.ActiveCfg = Release|Any CPU
		{C572523A-5451-4F02-A9D0-DD1BA0743909}.Ad-Hoc|ARM.Build.0 = Release|Any CPU
		{C572523A-5451-4F02-A9D0-DD1BA0743909}.Ad-Hoc|ARM.Deploy.0 = Release|Any CPU
		{C572523A-5451-4F02-A9D0-DD1BA0743909}.Ad-Hoc|iPhone.ActiveCfg = Release|Any CPU
		{C572523A-5451-4F02-A9D0-DD1BA0743909}.Ad-Hoc|iPhone.Build.0 = Release|Any CPU
		{C572523A-5451-4F02-A9D0-DD1BA0743909}.Ad-Hoc|iPhone.Deploy.0 = Release|Any CPU
		{C572523A-5451-4F02-A9D0-DD1BA0743909}.Ad-Hoc|iPhoneSimulator.ActiveCfg = Release|Any CPU
		{C572523A-5451-4F02-A9D0-DD1BA0743909}.Ad-Hoc|iPhoneSimulator.Build.0 = Release|Any CPU
		{C572523A-5451-4F02-A9D0-DD1BA0743909}.Ad-Hoc|iPhoneSimulator.Deploy.0 = Release|Any CPU
		{C572523A-5451-4F02-A9D0-DD1BA0743909}.Ad-Hoc|x64.ActiveCfg = Release|Any CPU
		{C572523A-5451-4F02-A9D0-DD1BA0743909}.Ad-Hoc|x64.Build.0 = Release|Any CPU
		{C572523A-5451-4F02-A9D0-DD1BA0743909}.Ad-Hoc|x64.Deploy.0 = Release|Any CPU
		{C572523A-5451-4F02-A9D0-DD1BA0743909}.Ad-Hoc|x86.ActiveCfg = Release|Any CPU
		{C572523A-5451-4F02-A9D0-DD1BA0743909}.Ad-Hoc|x86.Build.0 = Release|Any CPU
		{C572523A-5451-4F02-A9D0-DD1BA0743909}.Ad-Hoc|x86.Deploy.0 = Release|Any CPU
		{C572523A-5451-4F02-A9D0-DD1BA0743909}.AppStore|Any CPU.ActiveCfg = Release|Any CPU
		{C572523A-5451-4F02-A9D0-DD1BA0743909}.AppStore|Any CPU.Build.0 = Release|Any CPU
		{C572523A-5451-4F02-A9D0-DD1BA0743909}.AppStore|Any CPU.Deploy.0 = Release|Any CPU
		{C572523A-5451-4F02-A9D0-DD1BA0743909}.AppStore|ARM.ActiveCfg = Release|Any CPU
		{C572523A-5451-4F02-A9D0-DD1BA0743909}.AppStore|ARM.Build.0 = Release|Any CPU
		{C572523A-5451-4F02-A9D0-DD1BA0743909}.AppStore|ARM.Deploy.0 = Release|Any CPU
		{C572523A-5451-4F02-A9D0-DD1BA0743909}.AppStore|iPhone.ActiveCfg = Release|Any CPU
		{C572523A-5451-4F02-A9D0-DD1BA0743909}.AppStore|iPhone.Build.0 = Release|Any CPU
		{C572523A-5451-4F02-A9D0-DD1BA0743909}.AppStore|iPhone.Deploy.0 = Release|Any CPU
		{C572523A-5451-4F02-A9D0-DD1BA0743909}.AppStore|iPhoneSimulator.ActiveCfg = Release|Any CPU
		{C572523A-5451-4F02-A9D0-DD1BA0743909}.AppStore|iPhoneSimulator.Build.0 = Release|Any CPU
		{C572523A-5451-4F02-A9D0-DD1BA0743909}.AppStore|iPhoneSimulator.Deploy.0 = Release|Any CPU
		{C572523A-5451-4F02-A9D0-DD1BA0743909}.AppStore|x64.ActiveCfg = Release|Any CPU
		{C572523A-5451-4F02-A9D0-DD1BA0743909}.AppStore|x64.Build.0 = Release|Any CPU
		{C572523A-5451-4F02-A9D0-DD1BA0743909}.AppStore|x64.Deploy.0 = Release|Any CPU
		{C572523A-5451-4F02-A9D0-DD1BA0743909}.AppStore|x86.ActiveCfg = Release|Any CPU
		{C572523A-5451-4F02-A9D0-DD1BA0743909}.AppStore|x86.Build.0 = Release|Any CPU
		{C572523A-5451-4F02-A9D0-DD1BA0743909}.AppStore|x86.Deploy.0 = Release|Any CPU
		{C572523A-5451-4F02-A9D0-DD1BA0743909}.Debug|Any CPU.ActiveCfg = Debug|Any CPU
		{C572523A-5451-4F02-A9D0-DD1BA0743909}.Debug|Any CPU.Build.0 = Debug|Any CPU
		{C572523A-5451-4F02-A9D0-DD1BA0743909}.Debug|Any CPU.Deploy.0 = Debug|Any CPU
		{C572523A-5451-4F02-A9D0-DD1BA0743909}.Debug|ARM.ActiveCfg = Debug|Any CPU
		{C572523A-5451-4F02-A9D0-DD1BA0743909}.Debug|ARM.Build.0 = Debug|Any CPU
		{C572523A-5451-4F02-A9D0-DD1BA0743909}.Debug|ARM.Deploy.0 = Debug|Any CPU
		{C572523A-5451-4F02-A9D0-DD1BA0743909}.Debug|iPhone.ActiveCfg = Debug|Any CPU
		{C572523A-5451-4F02-A9D0-DD1BA0743909}.Debug|iPhone.Build.0 = Debug|Any CPU
		{C572523A-5451-4F02-A9D0-DD1BA0743909}.Debug|iPhone.Deploy.0 = Debug|Any CPU
		{C572523A-5451-4F02-A9D0-DD1BA0743909}.Debug|iPhoneSimulator.ActiveCfg = Debug|Any CPU
		{C572523A-5451-4F02-A9D0-DD1BA0743909}.Debug|iPhoneSimulator.Build.0 = Debug|Any CPU
		{C572523A-5451-4F02-A9D0-DD1BA0743909}.Debug|iPhoneSimulator.Deploy.0 = Debug|Any CPU
		{C572523A-5451-4F02-A9D0-DD1BA0743909}.Debug|x64.ActiveCfg = Debug|Any CPU
		{C572523A-5451-4F02-A9D0-DD1BA0743909}.Debug|x64.Build.0 = Debug|Any CPU
		{C572523A-5451-4F02-A9D0-DD1BA0743909}.Debug|x64.Deploy.0 = Debug|Any CPU
		{C572523A-5451-4F02-A9D0-DD1BA0743909}.Debug|x86.ActiveCfg = Debug|Any CPU
		{C572523A-5451-4F02-A9D0-DD1BA0743909}.Debug|x86.Build.0 = Debug|Any CPU
		{C572523A-5451-4F02-A9D0-DD1BA0743909}.Debug|x86.Deploy.0 = Debug|Any CPU
		{C572523A-5451-4F02-A9D0-DD1BA0743909}.Release|Any CPU.ActiveCfg = Release|Any CPU
		{C572523A-5451-4F02-A9D0-DD1BA0743909}.Release|Any CPU.Build.0 = Release|Any CPU
		{C572523A-5451-4F02-A9D0-DD1BA0743909}.Release|Any CPU.Deploy.0 = Release|Any CPU
		{C572523A-5451-4F02-A9D0-DD1BA0743909}.Release|ARM.ActiveCfg = Release|Any CPU
		{C572523A-5451-4F02-A9D0-DD1BA0743909}.Release|ARM.Build.0 = Release|Any CPU
		{C572523A-5451-4F02-A9D0-DD1BA0743909}.Release|ARM.Deploy.0 = Release|Any CPU
		{C572523A-5451-4F02-A9D0-DD1BA0743909}.Release|iPhone.ActiveCfg = Release|Any CPU
		{C572523A-5451-4F02-A9D0-DD1BA0743909}.Release|iPhone.Build.0 = Release|Any CPU
		{C572523A-5451-4F02-A9D0-DD1BA0743909}.Release|iPhone.Deploy.0 = Release|Any CPU
		{C572523A-5451-4F02-A9D0-DD1BA0743909}.Release|iPhoneSimulator.ActiveCfg = Release|Any CPU
		{C572523A-5451-4F02-A9D0-DD1BA0743909}.Release|iPhoneSimulator.Build.0 = Release|Any CPU
		{C572523A-5451-4F02-A9D0-DD1BA0743909}.Release|iPhoneSimulator.Deploy.0 = Release|Any CPU
		{C572523A-5451-4F02-A9D0-DD1BA0743909}.Release|x64.ActiveCfg = Release|Any CPU
		{C572523A-5451-4F02-A9D0-DD1BA0743909}.Release|x64.Build.0 = Release|Any CPU
		{C572523A-5451-4F02-A9D0-DD1BA0743909}.Release|x64.Deploy.0 = Release|Any CPU
		{C572523A-5451-4F02-A9D0-DD1BA0743909}.Release|x86.ActiveCfg = Release|Any CPU
		{C572523A-5451-4F02-A9D0-DD1BA0743909}.Release|x86.Build.0 = Release|Any CPU
		{C572523A-5451-4F02-A9D0-DD1BA0743909}.Release|x86.Deploy.0 = Release|Any CPU
		{DD0A85AD-3BB6-4C40-95DB-97D32FED0676}.Ad-Hoc|Any CPU.ActiveCfg = Ad-Hoc|iPhone
		{DD0A85AD-3BB6-4C40-95DB-97D32FED0676}.Ad-Hoc|Any CPU.Build.0 = Ad-Hoc|iPhone
		{DD0A85AD-3BB6-4C40-95DB-97D32FED0676}.Ad-Hoc|Any CPU.Deploy.0 = Ad-Hoc|iPhone
		{DD0A85AD-3BB6-4C40-95DB-97D32FED0676}.Ad-Hoc|ARM.ActiveCfg = Ad-Hoc|iPhone
		{DD0A85AD-3BB6-4C40-95DB-97D32FED0676}.Ad-Hoc|ARM.Build.0 = Ad-Hoc|iPhone
		{DD0A85AD-3BB6-4C40-95DB-97D32FED0676}.Ad-Hoc|ARM.Deploy.0 = Ad-Hoc|iPhone
		{DD0A85AD-3BB6-4C40-95DB-97D32FED0676}.Ad-Hoc|iPhone.ActiveCfg = Ad-Hoc|iPhone
		{DD0A85AD-3BB6-4C40-95DB-97D32FED0676}.Ad-Hoc|iPhone.Build.0 = Ad-Hoc|iPhone
		{DD0A85AD-3BB6-4C40-95DB-97D32FED0676}.Ad-Hoc|iPhone.Deploy.0 = Ad-Hoc|iPhone
		{DD0A85AD-3BB6-4C40-95DB-97D32FED0676}.Ad-Hoc|iPhoneSimulator.ActiveCfg = Ad-Hoc|iPhoneSimulator
		{DD0A85AD-3BB6-4C40-95DB-97D32FED0676}.Ad-Hoc|iPhoneSimulator.Build.0 = Ad-Hoc|iPhoneSimulator
		{DD0A85AD-3BB6-4C40-95DB-97D32FED0676}.Ad-Hoc|iPhoneSimulator.Deploy.0 = Ad-Hoc|iPhoneSimulator
		{DD0A85AD-3BB6-4C40-95DB-97D32FED0676}.Ad-Hoc|x64.ActiveCfg = Ad-Hoc|iPhone
		{DD0A85AD-3BB6-4C40-95DB-97D32FED0676}.Ad-Hoc|x64.Build.0 = Ad-Hoc|iPhone
		{DD0A85AD-3BB6-4C40-95DB-97D32FED0676}.Ad-Hoc|x64.Deploy.0 = Ad-Hoc|iPhone
		{DD0A85AD-3BB6-4C40-95DB-97D32FED0676}.Ad-Hoc|x86.ActiveCfg = Ad-Hoc|iPhone
		{DD0A85AD-3BB6-4C40-95DB-97D32FED0676}.Ad-Hoc|x86.Build.0 = Ad-Hoc|iPhone
		{DD0A85AD-3BB6-4C40-95DB-97D32FED0676}.Ad-Hoc|x86.Deploy.0 = Ad-Hoc|iPhone
		{DD0A85AD-3BB6-4C40-95DB-97D32FED0676}.AppStore|Any CPU.ActiveCfg = AppStore|iPhone
		{DD0A85AD-3BB6-4C40-95DB-97D32FED0676}.AppStore|Any CPU.Build.0 = AppStore|iPhone
		{DD0A85AD-3BB6-4C40-95DB-97D32FED0676}.AppStore|Any CPU.Deploy.0 = AppStore|iPhone
		{DD0A85AD-3BB6-4C40-95DB-97D32FED0676}.AppStore|ARM.ActiveCfg = AppStore|iPhone
		{DD0A85AD-3BB6-4C40-95DB-97D32FED0676}.AppStore|ARM.Build.0 = AppStore|iPhone
		{DD0A85AD-3BB6-4C40-95DB-97D32FED0676}.AppStore|ARM.Deploy.0 = AppStore|iPhone
		{DD0A85AD-3BB6-4C40-95DB-97D32FED0676}.AppStore|iPhone.ActiveCfg = AppStore|iPhone
		{DD0A85AD-3BB6-4C40-95DB-97D32FED0676}.AppStore|iPhone.Build.0 = AppStore|iPhone
		{DD0A85AD-3BB6-4C40-95DB-97D32FED0676}.AppStore|iPhone.Deploy.0 = AppStore|iPhone
		{DD0A85AD-3BB6-4C40-95DB-97D32FED0676}.AppStore|iPhoneSimulator.ActiveCfg = AppStore|iPhoneSimulator
		{DD0A85AD-3BB6-4C40-95DB-97D32FED0676}.AppStore|iPhoneSimulator.Build.0 = AppStore|iPhoneSimulator
		{DD0A85AD-3BB6-4C40-95DB-97D32FED0676}.AppStore|iPhoneSimulator.Deploy.0 = AppStore|iPhoneSimulator
		{DD0A85AD-3BB6-4C40-95DB-97D32FED0676}.AppStore|x64.ActiveCfg = AppStore|iPhone
		{DD0A85AD-3BB6-4C40-95DB-97D32FED0676}.AppStore|x64.Build.0 = AppStore|iPhone
		{DD0A85AD-3BB6-4C40-95DB-97D32FED0676}.AppStore|x64.Deploy.0 = AppStore|iPhone
		{DD0A85AD-3BB6-4C40-95DB-97D32FED0676}.AppStore|x86.ActiveCfg = AppStore|iPhone
		{DD0A85AD-3BB6-4C40-95DB-97D32FED0676}.AppStore|x86.Build.0 = AppStore|iPhone
		{DD0A85AD-3BB6-4C40-95DB-97D32FED0676}.AppStore|x86.Deploy.0 = AppStore|iPhone
		{DD0A85AD-3BB6-4C40-95DB-97D32FED0676}.Debug|Any CPU.ActiveCfg = Debug|iPhoneSimulator
		{DD0A85AD-3BB6-4C40-95DB-97D32FED0676}.Debug|Any CPU.Build.0 = Debug|iPhoneSimulator
		{DD0A85AD-3BB6-4C40-95DB-97D32FED0676}.Debug|Any CPU.Deploy.0 = Debug|iPhoneSimulator
		{DD0A85AD-3BB6-4C40-95DB-97D32FED0676}.Debug|ARM.ActiveCfg = Debug|iPhone
		{DD0A85AD-3BB6-4C40-95DB-97D32FED0676}.Debug|ARM.Build.0 = Debug|iPhone
		{DD0A85AD-3BB6-4C40-95DB-97D32FED0676}.Debug|ARM.Deploy.0 = Debug|iPhone
		{DD0A85AD-3BB6-4C40-95DB-97D32FED0676}.Debug|iPhone.ActiveCfg = Debug|iPhone
		{DD0A85AD-3BB6-4C40-95DB-97D32FED0676}.Debug|iPhone.Build.0 = Debug|iPhone
		{DD0A85AD-3BB6-4C40-95DB-97D32FED0676}.Debug|iPhone.Deploy.0 = Debug|iPhone
		{DD0A85AD-3BB6-4C40-95DB-97D32FED0676}.Debug|iPhoneSimulator.ActiveCfg = Debug|iPhoneSimulator
		{DD0A85AD-3BB6-4C40-95DB-97D32FED0676}.Debug|iPhoneSimulator.Build.0 = Debug|iPhoneSimulator
		{DD0A85AD-3BB6-4C40-95DB-97D32FED0676}.Debug|iPhoneSimulator.Deploy.0 = Debug|iPhoneSimulator
		{DD0A85AD-3BB6-4C40-95DB-97D32FED0676}.Debug|x64.ActiveCfg = Debug|iPhone
		{DD0A85AD-3BB6-4C40-95DB-97D32FED0676}.Debug|x64.Build.0 = Debug|iPhone
		{DD0A85AD-3BB6-4C40-95DB-97D32FED0676}.Debug|x64.Deploy.0 = Debug|iPhone
		{DD0A85AD-3BB6-4C40-95DB-97D32FED0676}.Debug|x86.ActiveCfg = Debug|iPhone
		{DD0A85AD-3BB6-4C40-95DB-97D32FED0676}.Debug|x86.Build.0 = Debug|iPhone
		{DD0A85AD-3BB6-4C40-95DB-97D32FED0676}.Debug|x86.Deploy.0 = Debug|iPhone
		{DD0A85AD-3BB6-4C40-95DB-97D32FED0676}.Release|Any CPU.ActiveCfg = Release|iPhone
		{DD0A85AD-3BB6-4C40-95DB-97D32FED0676}.Release|Any CPU.Build.0 = Release|iPhone
		{DD0A85AD-3BB6-4C40-95DB-97D32FED0676}.Release|Any CPU.Deploy.0 = Release|iPhone
		{DD0A85AD-3BB6-4C40-95DB-97D32FED0676}.Release|ARM.ActiveCfg = Release|iPhone
		{DD0A85AD-3BB6-4C40-95DB-97D32FED0676}.Release|ARM.Build.0 = Release|iPhone
		{DD0A85AD-3BB6-4C40-95DB-97D32FED0676}.Release|ARM.Deploy.0 = Release|iPhone
		{DD0A85AD-3BB6-4C40-95DB-97D32FED0676}.Release|iPhone.ActiveCfg = Release|iPhone
		{DD0A85AD-3BB6-4C40-95DB-97D32FED0676}.Release|iPhone.Build.0 = Release|iPhone
		{DD0A85AD-3BB6-4C40-95DB-97D32FED0676}.Release|iPhone.Deploy.0 = Release|iPhone
		{DD0A85AD-3BB6-4C40-95DB-97D32FED0676}.Release|iPhoneSimulator.ActiveCfg = Release|iPhoneSimulator
		{DD0A85AD-3BB6-4C40-95DB-97D32FED0676}.Release|iPhoneSimulator.Build.0 = Release|iPhoneSimulator
		{DD0A85AD-3BB6-4C40-95DB-97D32FED0676}.Release|iPhoneSimulator.Deploy.0 = Release|iPhoneSimulator
		{DD0A85AD-3BB6-4C40-95DB-97D32FED0676}.Release|x64.ActiveCfg = Release|iPhone
		{DD0A85AD-3BB6-4C40-95DB-97D32FED0676}.Release|x64.Build.0 = Release|iPhone
		{DD0A85AD-3BB6-4C40-95DB-97D32FED0676}.Release|x64.Deploy.0 = Release|iPhone
		{DD0A85AD-3BB6-4C40-95DB-97D32FED0676}.Release|x86.ActiveCfg = Release|iPhone
		{DD0A85AD-3BB6-4C40-95DB-97D32FED0676}.Release|x86.Build.0 = Release|iPhone
		{DD0A85AD-3BB6-4C40-95DB-97D32FED0676}.Release|x86.Deploy.0 = Release|iPhone
		{79D2C8CB-4452-4A2A-8552-D4CA9316D28E}.Ad-Hoc|Any CPU.ActiveCfg = Release|x86
		{79D2C8CB-4452-4A2A-8552-D4CA9316D28E}.Ad-Hoc|Any CPU.Build.0 = Release|x86
		{79D2C8CB-4452-4A2A-8552-D4CA9316D28E}.Ad-Hoc|Any CPU.Deploy.0 = Release|x86
		{79D2C8CB-4452-4A2A-8552-D4CA9316D28E}.Ad-Hoc|ARM.ActiveCfg = Release|ARM
		{79D2C8CB-4452-4A2A-8552-D4CA9316D28E}.Ad-Hoc|ARM.Build.0 = Release|ARM
		{79D2C8CB-4452-4A2A-8552-D4CA9316D28E}.Ad-Hoc|ARM.Deploy.0 = Release|ARM
		{79D2C8CB-4452-4A2A-8552-D4CA9316D28E}.Ad-Hoc|iPhone.ActiveCfg = Release|x86
		{79D2C8CB-4452-4A2A-8552-D4CA9316D28E}.Ad-Hoc|iPhone.Build.0 = Release|x86
		{79D2C8CB-4452-4A2A-8552-D4CA9316D28E}.Ad-Hoc|iPhone.Deploy.0 = Release|x86
		{79D2C8CB-4452-4A2A-8552-D4CA9316D28E}.Ad-Hoc|iPhoneSimulator.ActiveCfg = Release|x86
		{79D2C8CB-4452-4A2A-8552-D4CA9316D28E}.Ad-Hoc|iPhoneSimulator.Build.0 = Release|x86
		{79D2C8CB-4452-4A2A-8552-D4CA9316D28E}.Ad-Hoc|iPhoneSimulator.Deploy.0 = Release|x86
		{79D2C8CB-4452-4A2A-8552-D4CA9316D28E}.Ad-Hoc|x64.ActiveCfg = Release|x64
		{79D2C8CB-4452-4A2A-8552-D4CA9316D28E}.Ad-Hoc|x64.Build.0 = Release|x64
		{79D2C8CB-4452-4A2A-8552-D4CA9316D28E}.Ad-Hoc|x64.Deploy.0 = Release|x64
		{79D2C8CB-4452-4A2A-8552-D4CA9316D28E}.Ad-Hoc|x86.ActiveCfg = Release|x86
		{79D2C8CB-4452-4A2A-8552-D4CA9316D28E}.Ad-Hoc|x86.Build.0 = Release|x86
		{79D2C8CB-4452-4A2A-8552-D4CA9316D28E}.Ad-Hoc|x86.Deploy.0 = Release|x86
		{79D2C8CB-4452-4A2A-8552-D4CA9316D28E}.AppStore|Any CPU.ActiveCfg = Release|x86
		{79D2C8CB-4452-4A2A-8552-D4CA9316D28E}.AppStore|Any CPU.Build.0 = Release|x86
		{79D2C8CB-4452-4A2A-8552-D4CA9316D28E}.AppStore|Any CPU.Deploy.0 = Release|x86
		{79D2C8CB-4452-4A2A-8552-D4CA9316D28E}.AppStore|ARM.ActiveCfg = Release|ARM
		{79D2C8CB-4452-4A2A-8552-D4CA9316D28E}.AppStore|ARM.Build.0 = Release|ARM
		{79D2C8CB-4452-4A2A-8552-D4CA9316D28E}.AppStore|ARM.Deploy.0 = Release|ARM
		{79D2C8CB-4452-4A2A-8552-D4CA9316D28E}.AppStore|iPhone.ActiveCfg = Release|x86
		{79D2C8CB-4452-4A2A-8552-D4CA9316D28E}.AppStore|iPhone.Build.0 = Release|x86
		{79D2C8CB-4452-4A2A-8552-D4CA9316D28E}.AppStore|iPhone.Deploy.0 = Release|x86
		{79D2C8CB-4452-4A2A-8552-D4CA9316D28E}.AppStore|iPhoneSimulator.ActiveCfg = Release|x86
		{79D2C8CB-4452-4A2A-8552-D4CA9316D28E}.AppStore|iPhoneSimulator.Build.0 = Release|x86
		{79D2C8CB-4452-4A2A-8552-D4CA9316D28E}.AppStore|iPhoneSimulator.Deploy.0 = Release|x86
		{79D2C8CB-4452-4A2A-8552-D4CA9316D28E}.AppStore|x64.ActiveCfg = Release|x64
		{79D2C8CB-4452-4A2A-8552-D4CA9316D28E}.AppStore|x64.Build.0 = Release|x64
		{79D2C8CB-4452-4A2A-8552-D4CA9316D28E}.AppStore|x64.Deploy.0 = Release|x64
		{79D2C8CB-4452-4A2A-8552-D4CA9316D28E}.AppStore|x86.ActiveCfg = Release|x86
		{79D2C8CB-4452-4A2A-8552-D4CA9316D28E}.AppStore|x86.Build.0 = Release|x86
		{79D2C8CB-4452-4A2A-8552-D4CA9316D28E}.AppStore|x86.Deploy.0 = Release|x86
		{79D2C8CB-4452-4A2A-8552-D4CA9316D28E}.Debug|Any CPU.ActiveCfg = Debug|x86
		{79D2C8CB-4452-4A2A-8552-D4CA9316D28E}.Debug|Any CPU.Build.0 = Debug|x86
		{79D2C8CB-4452-4A2A-8552-D4CA9316D28E}.Debug|Any CPU.Deploy.0 = Debug|x86
		{79D2C8CB-4452-4A2A-8552-D4CA9316D28E}.Debug|ARM.ActiveCfg = Debug|ARM
		{79D2C8CB-4452-4A2A-8552-D4CA9316D28E}.Debug|ARM.Build.0 = Debug|ARM
		{79D2C8CB-4452-4A2A-8552-D4CA9316D28E}.Debug|ARM.Deploy.0 = Debug|ARM
		{79D2C8CB-4452-4A2A-8552-D4CA9316D28E}.Debug|iPhone.ActiveCfg = Debug|x86
		{79D2C8CB-4452-4A2A-8552-D4CA9316D28E}.Debug|iPhone.Build.0 = Debug|x86
		{79D2C8CB-4452-4A2A-8552-D4CA9316D28E}.Debug|iPhone.Deploy.0 = Debug|x86
		{79D2C8CB-4452-4A2A-8552-D4CA9316D28E}.Debug|iPhoneSimulator.ActiveCfg = Debug|x86
		{79D2C8CB-4452-4A2A-8552-D4CA9316D28E}.Debug|iPhoneSimulator.Build.0 = Debug|x86
		{79D2C8CB-4452-4A2A-8552-D4CA9316D28E}.Debug|iPhoneSimulator.Deploy.0 = Debug|x86
		{79D2C8CB-4452-4A2A-8552-D4CA9316D28E}.Debug|x64.ActiveCfg = Debug|x64
		{79D2C8CB-4452-4A2A-8552-D4CA9316D28E}.Debug|x64.Build.0 = Debug|x64
		{79D2C8CB-4452-4A2A-8552-D4CA9316D28E}.Debug|x64.Deploy.0 = Debug|x64
		{79D2C8CB-4452-4A2A-8552-D4CA9316D28E}.Debug|x86.ActiveCfg = Debug|x86
		{79D2C8CB-4452-4A2A-8552-D4CA9316D28E}.Debug|x86.Build.0 = Debug|x86
		{79D2C8CB-4452-4A2A-8552-D4CA9316D28E}.Debug|x86.Deploy.0 = Debug|x86
		{79D2C8CB-4452-4A2A-8552-D4CA9316D28E}.Release|Any CPU.ActiveCfg = Release|x86
		{79D2C8CB-4452-4A2A-8552-D4CA9316D28E}.Release|Any CPU.Build.0 = Release|x86
		{79D2C8CB-4452-4A2A-8552-D4CA9316D28E}.Release|Any CPU.Deploy.0 = Release|x86
		{79D2C8CB-4452-4A2A-8552-D4CA9316D28E}.Release|ARM.ActiveCfg = Release|ARM
		{79D2C8CB-4452-4A2A-8552-D4CA9316D28E}.Release|ARM.Build.0 = Release|ARM
		{79D2C8CB-4452-4A2A-8552-D4CA9316D28E}.Release|ARM.Deploy.0 = Release|ARM
		{79D2C8CB-4452-4A2A-8552-D4CA9316D28E}.Release|iPhone.ActiveCfg = Release|x86
		{79D2C8CB-4452-4A2A-8552-D4CA9316D28E}.Release|iPhone.Build.0 = Release|x86
		{79D2C8CB-4452-4A2A-8552-D4CA9316D28E}.Release|iPhone.Deploy.0 = Release|x86
		{79D2C8CB-4452-4A2A-8552-D4CA9316D28E}.Release|iPhoneSimulator.ActiveCfg = Release|x86
		{79D2C8CB-4452-4A2A-8552-D4CA9316D28E}.Release|iPhoneSimulator.Build.0 = Release|x86
		{79D2C8CB-4452-4A2A-8552-D4CA9316D28E}.Release|iPhoneSimulator.Deploy.0 = Release|x86
		{79D2C8CB-4452-4A2A-8552-D4CA9316D28E}.Release|x64.ActiveCfg = Release|x64
		{79D2C8CB-4452-4A2A-8552-D4CA9316D28E}.Release|x64.Build.0 = Release|x64
		{79D2C8CB-4452-4A2A-8552-D4CA9316D28E}.Release|x64.Deploy.0 = Release|x64
		{79D2C8CB-4452-4A2A-8552-D4CA9316D28E}.Release|x86.ActiveCfg = Release|x86
		{79D2C8CB-4452-4A2A-8552-D4CA9316D28E}.Release|x86.Build.0 = Release|x86
		{79D2C8CB-4452-4A2A-8552-D4CA9316D28E}.Release|x86.Deploy.0 = Release|x86
		{DB9BF4D8-2D02-4A3D-8C73-7636D64FD3B9}.Ad-Hoc|Any CPU.ActiveCfg = Debug|Any CPU
		{DB9BF4D8-2D02-4A3D-8C73-7636D64FD3B9}.Ad-Hoc|Any CPU.Build.0 = Debug|Any CPU
		{DB9BF4D8-2D02-4A3D-8C73-7636D64FD3B9}.Ad-Hoc|Any CPU.Deploy.0 = Debug|Any CPU
		{DB9BF4D8-2D02-4A3D-8C73-7636D64FD3B9}.Ad-Hoc|ARM.ActiveCfg = Debug|Any CPU
		{DB9BF4D8-2D02-4A3D-8C73-7636D64FD3B9}.Ad-Hoc|ARM.Build.0 = Debug|Any CPU
		{DB9BF4D8-2D02-4A3D-8C73-7636D64FD3B9}.Ad-Hoc|ARM.Deploy.0 = Debug|Any CPU
		{DB9BF4D8-2D02-4A3D-8C73-7636D64FD3B9}.Ad-Hoc|iPhone.ActiveCfg = Debug|Any CPU
		{DB9BF4D8-2D02-4A3D-8C73-7636D64FD3B9}.Ad-Hoc|iPhone.Build.0 = Debug|Any CPU
		{DB9BF4D8-2D02-4A3D-8C73-7636D64FD3B9}.Ad-Hoc|iPhone.Deploy.0 = Debug|Any CPU
		{DB9BF4D8-2D02-4A3D-8C73-7636D64FD3B9}.Ad-Hoc|iPhoneSimulator.ActiveCfg = Debug|Any CPU
		{DB9BF4D8-2D02-4A3D-8C73-7636D64FD3B9}.Ad-Hoc|iPhoneSimulator.Build.0 = Debug|Any CPU
		{DB9BF4D8-2D02-4A3D-8C73-7636D64FD3B9}.Ad-Hoc|iPhoneSimulator.Deploy.0 = Debug|Any CPU
		{DB9BF4D8-2D02-4A3D-8C73-7636D64FD3B9}.Ad-Hoc|x64.ActiveCfg = Debug|Any CPU
		{DB9BF4D8-2D02-4A3D-8C73-7636D64FD3B9}.Ad-Hoc|x64.Build.0 = Debug|Any CPU
		{DB9BF4D8-2D02-4A3D-8C73-7636D64FD3B9}.Ad-Hoc|x64.Deploy.0 = Debug|Any CPU
		{DB9BF4D8-2D02-4A3D-8C73-7636D64FD3B9}.Ad-Hoc|x86.ActiveCfg = Debug|Any CPU
		{DB9BF4D8-2D02-4A3D-8C73-7636D64FD3B9}.Ad-Hoc|x86.Build.0 = Debug|Any CPU
		{DB9BF4D8-2D02-4A3D-8C73-7636D64FD3B9}.Ad-Hoc|x86.Deploy.0 = Debug|Any CPU
		{DB9BF4D8-2D02-4A3D-8C73-7636D64FD3B9}.AppStore|Any CPU.ActiveCfg = Debug|Any CPU
		{DB9BF4D8-2D02-4A3D-8C73-7636D64FD3B9}.AppStore|Any CPU.Build.0 = Debug|Any CPU
		{DB9BF4D8-2D02-4A3D-8C73-7636D64FD3B9}.AppStore|Any CPU.Deploy.0 = Debug|Any CPU
		{DB9BF4D8-2D02-4A3D-8C73-7636D64FD3B9}.AppStore|ARM.ActiveCfg = Debug|Any CPU
		{DB9BF4D8-2D02-4A3D-8C73-7636D64FD3B9}.AppStore|ARM.Build.0 = Debug|Any CPU
		{DB9BF4D8-2D02-4A3D-8C73-7636D64FD3B9}.AppStore|ARM.Deploy.0 = Debug|Any CPU
		{DB9BF4D8-2D02-4A3D-8C73-7636D64FD3B9}.AppStore|iPhone.ActiveCfg = Debug|Any CPU
		{DB9BF4D8-2D02-4A3D-8C73-7636D64FD3B9}.AppStore|iPhone.Build.0 = Debug|Any CPU
		{DB9BF4D8-2D02-4A3D-8C73-7636D64FD3B9}.AppStore|iPhone.Deploy.0 = Debug|Any CPU
		{DB9BF4D8-2D02-4A3D-8C73-7636D64FD3B9}.AppStore|iPhoneSimulator.ActiveCfg = Debug|Any CPU
		{DB9BF4D8-2D02-4A3D-8C73-7636D64FD3B9}.AppStore|iPhoneSimulator.Build.0 = Debug|Any CPU
		{DB9BF4D8-2D02-4A3D-8C73-7636D64FD3B9}.AppStore|iPhoneSimulator.Deploy.0 = Debug|Any CPU
		{DB9BF4D8-2D02-4A3D-8C73-7636D64FD3B9}.AppStore|x64.ActiveCfg = Debug|Any CPU
		{DB9BF4D8-2D02-4A3D-8C73-7636D64FD3B9}.AppStore|x64.Build.0 = Debug|Any CPU
		{DB9BF4D8-2D02-4A3D-8C73-7636D64FD3B9}.AppStore|x64.Deploy.0 = Debug|Any CPU
		{DB9BF4D8-2D02-4A3D-8C73-7636D64FD3B9}.AppStore|x86.ActiveCfg = Debug|Any CPU
		{DB9BF4D8-2D02-4A3D-8C73-7636D64FD3B9}.AppStore|x86.Build.0 = Debug|Any CPU
		{DB9BF4D8-2D02-4A3D-8C73-7636D64FD3B9}.AppStore|x86.Deploy.0 = Debug|Any CPU
		{DB9BF4D8-2D02-4A3D-8C73-7636D64FD3B9}.Debug|Any CPU.ActiveCfg = Debug|Any CPU
		{DB9BF4D8-2D02-4A3D-8C73-7636D64FD3B9}.Debug|Any CPU.Build.0 = Debug|Any CPU
		{DB9BF4D8-2D02-4A3D-8C73-7636D64FD3B9}.Debug|Any CPU.Deploy.0 = Debug|Any CPU
		{DB9BF4D8-2D02-4A3D-8C73-7636D64FD3B9}.Debug|ARM.ActiveCfg = Debug|Any CPU
		{DB9BF4D8-2D02-4A3D-8C73-7636D64FD3B9}.Debug|ARM.Build.0 = Debug|Any CPU
		{DB9BF4D8-2D02-4A3D-8C73-7636D64FD3B9}.Debug|ARM.Deploy.0 = Debug|Any CPU
		{DB9BF4D8-2D02-4A3D-8C73-7636D64FD3B9}.Debug|iPhone.ActiveCfg = Debug|Any CPU
		{DB9BF4D8-2D02-4A3D-8C73-7636D64FD3B9}.Debug|iPhone.Build.0 = Debug|Any CPU
		{DB9BF4D8-2D02-4A3D-8C73-7636D64FD3B9}.Debug|iPhone.Deploy.0 = Debug|Any CPU
		{DB9BF4D8-2D02-4A3D-8C73-7636D64FD3B9}.Debug|iPhoneSimulator.ActiveCfg = Debug|Any CPU
		{DB9BF4D8-2D02-4A3D-8C73-7636D64FD3B9}.Debug|iPhoneSimulator.Build.0 = Debug|Any CPU
		{DB9BF4D8-2D02-4A3D-8C73-7636D64FD3B9}.Debug|iPhoneSimulator.Deploy.0 = Debug|Any CPU
		{DB9BF4D8-2D02-4A3D-8C73-7636D64FD3B9}.Debug|x64.ActiveCfg = Debug|Any CPU
		{DB9BF4D8-2D02-4A3D-8C73-7636D64FD3B9}.Debug|x64.Build.0 = Debug|Any CPU
		{DB9BF4D8-2D02-4A3D-8C73-7636D64FD3B9}.Debug|x64.Deploy.0 = Debug|Any CPU
		{DB9BF4D8-2D02-4A3D-8C73-7636D64FD3B9}.Debug|x86.ActiveCfg = Debug|Any CPU
		{DB9BF4D8-2D02-4A3D-8C73-7636D64FD3B9}.Debug|x86.Build.0 = Debug|Any CPU
		{DB9BF4D8-2D02-4A3D-8C73-7636D64FD3B9}.Debug|x86.Deploy.0 = Debug|Any CPU
		{DB9BF4D8-2D02-4A3D-8C73-7636D64FD3B9}.Release|Any CPU.ActiveCfg = Release|Any CPU
		{DB9BF4D8-2D02-4A3D-8C73-7636D64FD3B9}.Release|Any CPU.Build.0 = Release|Any CPU
		{DB9BF4D8-2D02-4A3D-8C73-7636D64FD3B9}.Release|Any CPU.Deploy.0 = Release|Any CPU
		{DB9BF4D8-2D02-4A3D-8C73-7636D64FD3B9}.Release|ARM.ActiveCfg = Release|Any CPU
		{DB9BF4D8-2D02-4A3D-8C73-7636D64FD3B9}.Release|ARM.Build.0 = Release|Any CPU
		{DB9BF4D8-2D02-4A3D-8C73-7636D64FD3B9}.Release|ARM.Deploy.0 = Release|Any CPU
		{DB9BF4D8-2D02-4A3D-8C73-7636D64FD3B9}.Release|iPhone.ActiveCfg = Release|Any CPU
		{DB9BF4D8-2D02-4A3D-8C73-7636D64FD3B9}.Release|iPhone.Build.0 = Release|Any CPU
		{DB9BF4D8-2D02-4A3D-8C73-7636D64FD3B9}.Release|iPhone.Deploy.0 = Release|Any CPU
		{DB9BF4D8-2D02-4A3D-8C73-7636D64FD3B9}.Release|iPhoneSimulator.ActiveCfg = Release|Any CPU
		{DB9BF4D8-2D02-4A3D-8C73-7636D64FD3B9}.Release|iPhoneSimulator.Build.0 = Release|Any CPU
		{DB9BF4D8-2D02-4A3D-8C73-7636D64FD3B9}.Release|iPhoneSimulator.Deploy.0 = Release|Any CPU
		{DB9BF4D8-2D02-4A3D-8C73-7636D64FD3B9}.Release|x64.ActiveCfg = Release|Any CPU
		{DB9BF4D8-2D02-4A3D-8C73-7636D64FD3B9}.Release|x64.Build.0 = Release|Any CPU
		{DB9BF4D8-2D02-4A3D-8C73-7636D64FD3B9}.Release|x64.Deploy.0 = Release|Any CPU
		{DB9BF4D8-2D02-4A3D-8C73-7636D64FD3B9}.Release|x86.ActiveCfg = Release|Any CPU
		{DB9BF4D8-2D02-4A3D-8C73-7636D64FD3B9}.Release|x86.Build.0 = Release|Any CPU
		{DB9BF4D8-2D02-4A3D-8C73-7636D64FD3B9}.Release|x86.Deploy.0 = Release|Any CPU
	EndGlobalSection
	GlobalSection(SolutionProperties) = preSolution
		HideSolutionNode = FALSE
	EndGlobalSection
	GlobalSection(ExtensibilityGlobals) = postSolution
		SolutionGuid = {A1117D47-2932-4165-8AD9-C15362CB1B82}
	EndGlobalSection
EndGlobal
